
Microsoft Visual Studio Solution File, Format Version 12.00
# Visual Studio Version 17
VisualStudioVersion = 17.3.32811.315
MinimumVisualStudioVersion = 10.0.40219.1
Project("{FAE04EC0-301F-11D3-BF4B-00C04F79EFBC}") = "Presentation", "Presentation\Presentation.csproj", "{D5FD8067-6F79-42E8-AEAC-EBBC62A585D3}"
EndProject
Project("{FAE04EC0-301F-11D3-BF4B-00C04F79EFBC}") = "Domain", "Domain\Domain.csproj", "{F3F2A197-36AC-48E3-9D41-B6E1599C7421}"
EndProject
Project("{FAE04EC0-301F-11D3-BF4B-00C04F79EFBC}") = "DataAccess", "DataAccess\DataAccess.csproj", "{963E859A-0F92-4822-BBA5-53057231C135}"
EndProject
Global
	GlobalSection(SolutionConfigurationPlatforms) = preSolution
		Debug|Any CPU = Debug|Any CPU
		Release|Any CPU = Release|Any CPU
	EndGlobalSection
	GlobalSection(ProjectConfigurationPlatforms) = postSolution
		{D5FD8067-6F79-42E8-AEAC-EBBC62A585D3}.Debug|Any CPU.ActiveCfg = Debug|Any CPU
		{D5FD8067-6F79-42E8-AEAC-EBBC62A585D3}.Debug|Any CPU.Build.0 = Debug|Any CPU
		{D5FD8067-6F79-42E8-AEAC-EBBC62A585D3}.Release|Any CPU.ActiveCfg = Release|Any CPU
		{D5FD8067-6F79-42E8-AEAC-EBBC62A585D3}.Release|Any CPU.Build.0 = Release|Any CPU
		{F3F2A197-36AC-48E3-9D41-B6E1599C7421}.Debug|Any CPU.ActiveCfg = Debug|Any CPU
		{F3F2A197-36AC-48E3-9D41-B6E1599C7421}.Debug|Any CPU.Build.0 = Debug|Any CPU
		{F3F2A197-36AC-48E3-9D41-B6E1599C7421}.Release|Any CPU.ActiveCfg = Release|Any CPU
		{F3F2A197-36AC-48E3-9D41-B6E1599C7421}.Release|Any CPU.Build.0 = Release|Any CPU
		{963E859A-0F92-4822-BBA5-53057231C135}.Debug|Any CPU.ActiveCfg = Debug|Any CPU
		{963E859A-0F92-4822-BBA5-53057231C135}.Debug|Any CPU.Build.0 = Debug|Any CPU
		{963E859A-0F92-4822-BBA5-53057231C135}.Release|Any CPU.ActiveCfg = Release|Any CPU
		{963E859A-0F92-4822-BBA5-53057231C135}.Release|Any CPU.Build.0 = Release|Any CPU
	EndGlobalSection
	GlobalSection(SolutionProperties) = preSolution
		HideSolutionNode = FALSE
	EndGlobalSection
	GlobalSection(ExtensibilityGlobals) = postSolution
		SolutionGuid = {49A97838-124D-442A-A18B-0D33AFB54908}
	EndGlobalSection
EndGlobal
